// !$*UTF8*$!
{
	archiveVersion = 1;
	classes = {
	};
	objectVersion = 46;
	objects = {

/* Begin PBXBuildFile section */
		35DC89511B0118B400F70882 /* AppDelegate.swift in Sources */ = {isa = PBXBuildFile; fileRef = 35DC89501B0118B400F70882 /* AppDelegate.swift */; };
		35DC89531B0118B400F70882 /* ViewController.swift in Sources */ = {isa = PBXBuildFile; fileRef = 35DC89521B0118B400F70882 /* ViewController.swift */; };
		35DC89561B0118B400F70882 /* Main.storyboard in Resources */ = {isa = PBXBuildFile; fileRef = 35DC89541B0118B400F70882 /* Main.storyboard */; };
		35DC89581B0118B400F70882 /* Images.xcassets in Resources */ = {isa = PBXBuildFile; fileRef = 35DC89571B0118B400F70882 /* Images.xcassets */; };
		35DC895B1B0118B400F70882 /* LaunchScreen.xib in Resources */ = {isa = PBXBuildFile; fileRef = 35DC89591B0118B400F70882 /* LaunchScreen.xib */; };
		35DC89671B0118B400F70882 /* Pitch_PerfectTests.swift in Sources */ = {isa = PBXBuildFile; fileRef = 35DC89661B0118B400F70882 /* Pitch_PerfectTests.swift */; };
/* End PBXBuildFile section */

/* Begin PBXContainerItemProxy section */
		35DC89611B0118B400F70882 /* PBXContainerItemProxy */ = {
			isa = PBXContainerItemProxy;
			containerPortal = 35DC89431B0118B400F70882 /* Project object */;
			proxyType = 1;
			remoteGlobalIDString = 35DC894A1B0118B400F70882;
			remoteInfo = "Pitch Perfect";
		};
/* End PBXContainerItemProxy section */

/* Begin PBXFileReference section */
		35DC894B1B0118B400F70882 /* Pitch Perfect.app */ = {isa = PBXFileReference; explicitFileType = wrapper.application; includeInIndex = 0; path = "Pitch Perfect.app"; sourceTree = BUILT_PRODUCTS_DIR; };
		35DC894F1B0118B400F70882 /* Info.plist */ = {isa = PBXFileReference; lastKnownFileType = text.plist.xml; path = Info.plist; sourceTree = "<group>"; };
		35DC89501B0118B400F70882 /* AppDelegate.swift */ = {isa = PBXFileReference; lastKnownFileType = sourcecode.swift; path = AppDelegate.swift; sourceTree = "<group>"; };
		35DC89521B0118B400F70882 /* ViewController.swift */ = {isa = PBXFileReference; lastKnownFileType = sourcecode.swift; path = ViewController.swift; sourceTree = "<group>"; };
		35DC89551B0118B400F70882 /* Base */ = {isa = PBXFileReference; lastKnownFileType = file.storyboard; name = Base; path = Base.lproj/Main.storyboard; sourceTree = "<group>"; };
		35DC89571B0118B400F70882 /* Images.xcassets */ = {isa = PBXFileReference; lastKnownFileType = folder.assetcatalog; path = Images.xcassets; sourceTree = "<group>"; };
		35DC895A1B0118B400F70882 /* Base */ = {isa = PBXFileReference; lastKnownFileType = file.xib; name = Base; path = Base.lproj/LaunchScreen.xib; sourceTree = "<group>"; };
		35DC89601B0118B400F70882 /* Pitch PerfectTests.xctest */ = {isa = PBXFileReference; explicitFileType = wrapper.cfbundle; includeInIndex = 0; path = "Pitch PerfectTests.xctest"; sourceTree = BUILT_PRODUCTS_DIR; };
		35DC89651B0118B400F70882 /* Info.plist */ = {isa = PBXFileReference; lastKnownFileType = text.plist.xml; path = Info.plist; sourceTree = "<group>"; };
		35DC89661B0118B400F70882 /* Pitch_PerfectTests.swift */ = {isa = PBXFileReference; lastKnownFileType = sourcecode.swift; path = Pitch_PerfectTests.swift; sourceTree = "<group>"; };
/* End PBXFileReference section */

/* Begin PBXFrameworksBuildPhase section */
		35DC89481B0118B400F70882 /* Frameworks */ = {
			isa = PBXFrameworksBuildPhase;
			buildActionMask = 2147483647;
			files = (
			);
			runOnlyForDeploymentPostprocessing = 0;
		};
		35DC895D1B0118B400F70882 /* Frameworks */ = {
			isa = PBXFrameworksBuildPhase;
			buildActionMask = 2147483647;
			files = (
			);
			runOnlyForDeploymentPostprocessing = 0;
		};
/* End PBXFrameworksBuildPhase section */

/* Begin PBXGroup section */
		35DC89421B0118B400F70882 = {
			isa = PBXGroup;
			children = (
				35DC894D1B0118B400F70882 /* Pitch Perfect */,
				35DC89631B0118B400F70882 /* Pitch PerfectTests */,
				35DC894C1B0118B400F70882 /* Products */,
			);
			sourceTree = "<group>";
		};
		35DC894C1B0118B400F70882 /* Products */ = {
			isa = PBXGroup;
			children = (
				35DC894B1B0118B400F70882 /* Pitch Perfect.app */,
				35DC89601B0118B400F70882 /* Pitch PerfectTests.xctest */,
			);
			name = Products;
			sourceTree = "<group>";
		};
		35DC894D1B0118B400F70882 /* Pitch Perfect */ = {
			isa = PBXGroup;
			children = (
				35DC89501B0118B400F70882 /* AppDelegate.swift */,
				35DC89521B0118B400F70882 /* ViewController.swift */,
				35DC89541B0118B400F70882 /* Main.storyboard */,
				35DC89571B0118B400F70882 /* Images.xcassets */,
				35DC89591B0118B400F70882 /* LaunchScreen.xib */,
				35DC894E1B0118B400F70882 /* Supporting Files */,
			);
			path = "Pitch Perfect";
			sourceTree = "<group>";
		};
		35DC894E1B0118B400F70882 /* Supporting Files */ = {
			isa = PBXGroup;
			children = (
				35DC894F1B0118B400F70882 /* Info.plist */,
			);
			name = "Supporting Files";
			sourceTree = "<group>";
		};
		35DC89631B0118B400F70882 /* Pitch PerfectTests */ = {
			isa = PBXGroup;
			children = (
				35DC89661B0118B400F70882 /* Pitch_PerfectTests.swift */,
				35DC89641B0118B400F70882 /* Supporting Files */,
			);
			path = "Pitch PerfectTests";
			sourceTree = "<group>";
		};
		35DC89641B0118B400F70882 /* Supporting Files */ = {
			isa = PBXGroup;
			children = (
				35DC89651B0118B400F70882 /* Info.plist */,
			);
			name = "Supporting Files";
			sourceTree = "<group>";
		};
/* End PBXGroup section */

/* Begin PBXNativeTarget section */
		35DC894A1B0118B400F70882 /* Pitch Perfect */ = {
			isa = PBXNativeTarget;
			buildConfigurationList = 35DC896A1B0118B400F70882 /* Build configuration list for PBXNativeTarget "Pitch Perfect" */;
			buildPhases = (
				35DC89471B0118B400F70882 /* Sources */,
				35DC89481B0118B400F70882 /* Frameworks */,
				35DC89491B0118B400F70882 /* Resources */,
			);
			buildRules = (
			);
			dependencies = (
			);
			name = "Pitch Perfect";
			productName = "Pitch Perfect";
			productReference = 35DC894B1B0118B400F70882 /* Pitch Perfect.app */;
			productType = "com.apple.product-type.application";
		};
		35DC895F1B0118B400F70882 /* Pitch PerfectTests */ = {
			isa = PBXNativeTarget;
			buildConfigurationList = 35DC896D1B0118B400F70882 /* Build configuration list for PBXNativeTarget "Pitch PerfectTests" */;
			buildPhases = (
				35DC895C1B0118B400F70882 /* Sources */,
				35DC895D1B0118B400F70882 /* Frameworks */,
				35DC895E1B0118B400F70882 /* Resources */,
			);
			buildRules = (
			);
			dependencies = (
				35DC89621B0118B400F70882 /* PBXTargetDependency */,
			);
			name = "Pitch PerfectTests";
			productName = "Pitch PerfectTests";
			productReference = 35DC89601B0118B400F70882 /* Pitch PerfectTests.xctest */;
			productType = "com.apple.product-type.bundle.unit-test";
		};
/* End PBXNativeTarget section */

/* Begin PBXProject section */
		35DC89431B0118B400F70882 /* Project object */ = {
			isa = PBXProject;
			attributes = {
				LastUpgradeCheck = 0630;
				ORGANIZATIONNAME = "Sudha Subramanian";
				TargetAttributes = {
					35DC894A1B0118B400F70882 = {
						CreatedOnToolsVersion = 6.3.1;
					};
					35DC895F1B0118B400F70882 = {
						CreatedOnToolsVersion = 6.3.1;
						TestTargetID = 35DC894A1B0118B400F70882;
					};
				};
			};
			buildConfigurationList = 35DC89461B0118B400F70882 /* Build configuration list for PBXProject "Pitch Perfect" */;
			compatibilityVersion = "Xcode 3.2";
			developmentRegion = English;
			hasScannedForEncodings = 0;
			knownRegions = (
				en,
				Base,
			);
			mainGroup = 35DC89421B0118B400F70882;
			productRefGroup = 35DC894C1B0118B400F70882 /* Products */;
			projectDirPath = "";
			projectRoot = "";
			targets = (
				35DC894A1B0118B400F70882 /* Pitch Perfect */,
				35DC895F1B0118B400F70882 /* Pitch PerfectTests */,
			);
		};
/* End PBXProject section */

/* Begin PBXResourcesBuildPhase section */
		35DC89491B0118B400F70882 /* Resources */ = {
			isa = PBXResourcesBuildPhase;
			buildActionMask = 2147483647;
			files = (
				35DC89561B0118B400F70882 /* Main.storyboard in Resources */,
				35DC895B1B0118B400F70882 /* LaunchScreen.xib in Resources */,
				35DC89581B0118B400F70882 /* Images.xcassets in Resources */,
			);
			runOnlyForDeploymentPostprocessing = 0;
		};
		35DC895E1B0118B400F70882 /* Resources */ = {
			isa = PBXResourcesBuildPhase;
			buildActionMask = 2147483647;
			files = (
			);
			runOnlyForDeploymentPostprocessing = 0;
		};
/* End PBXResourcesBuildPhase section */

/* Begin PBXSourcesBuildPhase section */
		35DC89471B0118B400F70882 /* Sources */ = {
			isa = PBXSourcesBuildPhase;
			buildActionMask = 2147483647;
			files = (
				35DC89531B0118B400F70882 /* ViewController.swift in Sources */,
				35DC89511B0118B400F70882 /* AppDelegate.swift in Sources */,
			);
			runOnlyForDeploymentPostprocessing = 0;
		};
		35DC895C1B0118B400F70882 /* Sources */ = {
			isa = PBXSourcesBuildPhase;
			buildActionMask = 2147483647;
			files = (
				35DC89671B0118B400F70882 /* Pitch_PerfectTests.swift in Sources */,
			);
			runOnlyForDeploymentPostprocessing = 0;
		};
/* End PBXSourcesBuildPhase section */

/* Begin PBXTargetDependency section */
		35DC89621B0118B400F70882 /* PBXTargetDependency */ = {
			isa = PBXTargetDependency;
			target = 35DC894A1B0118B400F70882 /* Pitch Perfect */;
			targetProxy = 35DC89611B0118B400F70882 /* PBXContainerItemProxy */;
		};
/* End PBXTargetDependency section */

/* Begin PBXVariantGroup section */
		35DC89541B0118B400F70882 /* Main.storyboard */ = {
			isa = PBXVariantGroup;
			children = (
				35DC89551B0118B400F70882 /* Base */,
			);
			name = Main.storyboard;
			sourceTree = "<group>";
		};
		35DC89591B0118B400F70882 /* LaunchScreen.xib */ = {
			isa = PBXVariantGroup;
			children = (
				35DC895A1B0118B400F70882 /* Base */,
			);
			name = LaunchScreen.xib;
			sourceTree = "<group>";
		};
/* End PBXVariantGroup section */

/* Begin XCBuildConfiguration section */
		35DC89681B0118B400F70882 /* Debug */ = {
			isa = XCBuildConfiguration;
			buildSettings = {
				ALWAYS_SEARCH_USER_PATHS = NO;
				CLANG_CXX_LANGUAGE_STANDARD = "gnu++0x";
				CLANG_CXX_LIBRARY = "libc++";
				CLANG_ENABLE_MODULES = YES;
				CLANG_ENABLE_OBJC_ARC = YES;
				CLANG_WARN_BOOL_CONVERSION = YES;
				CLANG_WARN_CONSTANT_CONVERSION = YES;
				CLANG_WARN_DIRECT_OBJC_ISA_USAGE = YES_ERROR;
				CLANG_WARN_EMPTY_BODY = YES;
				CLANG_WARN_ENUM_CONVERSION = YES;
				CLANG_WARN_INT_CONVERSION = YES;
				CLANG_WARN_OBJC_ROOT_CLASS = YES_ERROR;
				CLANG_WARN_UNREACHABLE_CODE = YES;
				CLANG_WARN__DUPLICATE_METHOD_MATCH = YES;
				"CODE_SIGN_IDENTITY[sdk=iphoneos*]" = "iPhone Developer";
				COPY_PHASE_STRIP = NO;
				DEBUG_INFORMATION_FORMAT = "dwarf-with-dsym";
				ENABLE_STRICT_OBJC_MSGSEND = YES;
				GCC_C_LANGUAGE_STANDARD = gnu99;
				GCC_DYNAMIC_NO_PIC = NO;
				GCC_NO_COMMON_BLOCKS = YES;
				GCC_OPTIMIZATION_LEVEL = 0;
				GCC_PREPROCESSOR_DEFINITIONS = (
					"DEBUG=1",
					"$(inherited)",
				);
				GCC_SYMBOLS_PRIVATE_EXTERN = NO;
				GCC_WARN_64_TO_32_BIT_CONVERSION = YES;
				GCC_WARN_ABOUT_RETURN_TYPE = YES_ERROR;
				GCC_WARN_UNDECLARED_SELECTOR = YES;
				GCC_WARN_UNINITIALIZED_AUTOS = YES_AGGRESSIVE;
				GCC_WARN_UNUSED_FUNCTION = YES;
				GCC_WARN_UNUSED_VARIABLE = YES;
				IPHONEOS_DEPLOYMENT_TARGET = 8.3;
				MTL_ENABLE_DEBUG_INFO = YES;
				ONLY_ACTIVE_ARCH = YES;
				SDKROOT = iphoneos;
				SWIFT_OPTIMIZATION_LEVEL = "-Onone";
			};
			name = Debug;
		};
		35DC89691B0118B400F70882 /* Release */ = {
			isa = XCBuildConfiguration;
			buildSettings = {
				ALWAYS_SEARCH_USER_PATHS = NO;
				CLANG_CXX_LANGUAGE_STANDARD = "gnu++0x";
				CLANG_CXX_LIBRARY = "libc++";
				CLANG_ENABLE_MODULES = YES;
				CLANG_ENABLE_OBJC_ARC = YES;
				CLANG_WARN_BOOL_CONVERSION = YES;
				CLANG_WARN_CONSTANT_CONVERSION = YES;
				CLANG_WARN_DIRECT_OBJC_ISA_USAGE = YES_ERROR;
				CLANG_WARN_EMPTY_BODY = YES;
				CLANG_WARN_ENUM_CONVERSION = YES;
				CLANG_WARN_INT_CONVERSION = YES;
				CLANG_WARN_OBJC_ROOT_CLASS = YES_ERROR;
				CLANG_WARN_UNREACHABLE_CODE = YES;
				CLANG_WARN__DUPLICATE_METHOD_MATCH = YES;
				"CODE_SIGN_IDENTITY[sdk=iphoneos*]" = "iPhone Developer";
				COPY_PHASE_STRIP = NO;
				DEBUG_INFORMATION_FORMAT = "dwarf-with-dsym";
				ENABLE_NS_ASSERTIONS = NO;
				ENABLE_STRICT_OBJC_MSGSEND = YES;
				GCC_C_LANGUAGE_STANDARD = gnu99;
				GCC_NO_COMMON_BLOCKS = YES;
				GCC_WARN_64_TO_32_BIT_CONVERSION = YES;
				GCC_WARN_ABOUT_RETURN_TYPE = YES_ERROR;
				GCC_WARN_UNDECLARED_SELECTOR = YES;
				GCC_WARN_UNINITIALIZED_AUTOS = YES_AGGRESSIVE;
				GCC_WARN_UNUSED_FUNCTION = YES;
				GCC_WARN_UNUSED_VARIABLE = YES;
				IPHONEOS_DEPLOYMENT_TARGET = 8.3;
				MTL_ENABLE_DEBUG_INFO = NO;
				SDKROOT = iphoneos;
				VALIDATE_PRODUCT = YES;
			};
			name = Release;
		};
		35DC896B1B0118B400F70882 /* Debug */ = {
			isa = XCBuildConfiguration;
			buildSettings = {
				ASSETCATALOG_COMPILER_APPICON_NAME = AppIcon;
				INFOPLIST_FILE = "Pitch Perfect/Info.plist";
				LD_RUNPATH_SEARCH_PATHS = "$(inherited) @executable_path/Frameworks";
				PRODUCT_NAME = "$(TARGET_NAME)";
			};
			name = Debug;
		};
		35DC896C1B0118B400F70882 /* Release */ = {
			isa = XCBuildConfiguration;
			buildSettings = {
				ASSETCATALOG_COMPILER_APPICON_NAME = AppIcon;
				INFOPLIST_FILE = "Pitch Perfect/Info.plist";
				LD_RUNPATH_SEARCH_PATHS = "$(inherited) @executable_path/Frameworks";
				PRODUCT_NAME = "$(TARGET_NAME)";
			};
			name = Release;
		};
		35DC896E1B0118B400F70882 /* Debug */ = {
			isa = XCBuildConfiguration;
			buildSettings = {
				BUNDLE_LOADER = "$(TEST_HOST)";
				FRAMEWORK_SEARCH_PATHS = (
					"$(SDKROOT)/Developer/Library/Frameworks",
					"$(inherited)",
				);
				GCC_PREPROCESSOR_DEFINITIONS = (
					"DEBUG=1",
					"$(inherited)",
				);
				INFOPLIST_FILE = "Pitch PerfectTests/Info.plist";
				LD_RUNPATH_SEARCH_PATHS = "$(inherited) @executable_path/Frameworks @loader_path/Frameworks";
				PRODUCT_NAME = "$(TARGET_NAME)";
				TEST_HOST = "$(BUILT_PRODUCTS_DIR)/Pitch Perfect.app/Pitch Perfect";
			};
			name = Debug;
		};
		35DC896F1B0118B400F70882 /* Release */ = {
			isa = XCBuildConfiguration;
			buildSettings = {
				BUNDLE_LOADER = "$(TEST_HOST)";
				FRAMEWORK_SEARCH_PATHS = (
					"$(SDKROOT)/Developer/Library/Frameworks",
					"$(inherited)",
				);
				INFOPLIST_FILE = "Pitch PerfectTests/Info.plist";
				LD_RUNPATH_SEARCH_PATHS = "$(inherited) @executable_path/Frameworks @loader_path/Frameworks";
				PRODUCT_NAME = "$(TARGET_NAME)";
				TEST_HOST = "$(BUILT_PRODUCTS_DIR)/Pitch Perfect.app/Pitch Perfect";
			};
			name = Release;
		};
/* End XCBuildConfiguration section */

/* Begin XCConfigurationList section */
		35DC89461B0118B400F70882 /* Build configuration list for PBXProject "Pitch Perfect" */ = {
			isa = XCConfigurationList;
			buildConfigurations = (
				35DC89681B0118B400F70882 /* Debug */,
				35DC89691B0118B400F70882 /* Release */,
			);
			defaultConfigurationIsVisible = 0;
			defaultConfigurationName = Release;
		};
		35DC896A1B0118B400F70882 /* Build configuration list for PBXNativeTarget "Pitch Perfect" */ = {
			isa = XCConfigurationList;
			buildConfigurations = (
				35DC896B1B0118B400F70882 /* Debug */,
				35DC896C1B0118B400F70882 /* Release */,
			);
			defaultConfigurationIsVisible = 0;
		};
		35DC896D1B0118B400F70882 /* Build configuration list for PBXNativeTarget "Pitch PerfectTests" */ = {
			isa = XCConfigurationList;
			buildConfigurations = (
				35DC896E1B0118B400F70882 /* Debug */,
				35DC896F1B0118B400F70882 /* Release */,
			);
			defaultConfigurationIsVisible = 0;
		};
/* End XCConfigurationList section */
	};
	rootObject = 35DC89431B0118B400F70882 /* Project object */;
}
